// !$*UTF8*$!
{
	archiveVersion = 1;
	classes = {
	};
	objectVersion = 77;
	objects = {

/* Begin PBXBuildFile section */
		025762DFDDD01EF69FD3D9FC /* MacScoredDocumentsView.swift in Sources */ = {isa = PBXBuildFile; fileRef = 3280096E73BA9377D50E633D /* MacScoredDocumentsView.swift */; };
		04F48E1AA099D0BEE1F62FDB /* MacSearchOptionsToolbar.swift in Sources */ = {isa = PBXBuildFile; fileRef = F111ED9AA6EE0B4437331914 /* MacSearchOptionsToolbar.swift */; };
		132DF7E698F249C7F1447F83 /* MacFullTextViewer.swift in Sources */ = {isa = PBXBuildFile; fileRef = 230B1CE1E585F2D941C23B56 /* MacFullTextViewer.swift */; };
		14AEDA2386AD7A0819975B16 /* MacFullTextTab.swift in Sources */ = {isa = PBXBuildFile; fileRef = 1CD6BDD1310D6A5AB67A4E8B /* MacFullTextTab.swift */; };
		2409EA6178DF710FAC88B2D7 /* MacPrintableReportView.swift in Sources */ = {isa = PBXBuildFile; fileRef = B0CE2ABEECF6AF0F1729621A /* MacPrintableReportView.swift */; };
		375C4E85319161BF2D602D28 /* MacConstants.swift in Sources */ = {isa = PBXBuildFile; fileRef = 8031F196CF9CD1A5029B0F75 /* MacConstants.swift */; };
		37F9A838A7728EE5E957C8D8 /* MacFactCheckView.swift in Sources */ = {isa = PBXBuildFile; fileRef = 6C78409E9FDDEA5D9EA1CC80 /* MacFactCheckView.swift */; };
		47C11C62C011ABF5BF86FD8B /* MacFetchMoreView.swift in Sources */ = {isa = PBXBuildFile; fileRef = 02F4A54BEF425872F49B2BD9 /* MacFetchMoreView.swift */; };
		636C1F74FBDE47D6BEFAE889 /* MacContentView.swift in Sources */ = {isa = PBXBuildFile; fileRef = 59D3B6659F5FC046D2C99AA6 /* MacContentView.swift */; };
		63B5FF64C127DE738D15D95A /* ProcessingCheckpoint.swift in Sources */ = {isa = PBXBuildFile; fileRef = 8A5BFD2F929C0DC14907C525 /* ProcessingCheckpoint.swift */; };
		6D1E5885E9558E5B309ED347 /* MacReportView.swift in Sources */ = {isa = PBXBuildFile; fileRef = D665F665F40DC4F821AED5FA /* MacReportView.swift */; };
		6F36EF622F1C5A5200C0AAEA /* BioMedLit in Frameworks */ = {isa = PBXBuildFile; productRef = 6F36EF612F1C5A5200C0AAEA /* BioMedLit */; };
		73BFAB4A43C95C46B19DE635 /* MacProcessingProgressView.swift in Sources */ = {isa = PBXBuildFile; fileRef = AD189737C5701726FE9E52B7 /* MacProcessingProgressView.swift */; };
		7A01BF566140E032179E58B9 /* MacHistoryView.swift in Sources */ = {isa = PBXBuildFile; fileRef = F3414FA46C1181D7951C1166 /* MacHistoryView.swift */; };
		8A9AB921E8313735B980D52F /* MacOnboardingView.swift in Sources */ = {isa = PBXBuildFile; fileRef = D866E9F7E4E7DF2A8B5AE721 /* MacOnboardingView.swift */; };
		A1000001001 /* MedicalFactCheckerApp.swift in Sources */ = {isa = PBXBuildFile; fileRef = A1000001000 /* MedicalFactCheckerApp.swift */; };
		A1000002001 /* ContentView.swift in Sources */ = {isa = PBXBuildFile; fileRef = A1000002000 /* ContentView.swift */; };
		A1000003001 /* AppSettings.swift in Sources */ = {isa = PBXBuildFile; fileRef = A1000003000 /* AppSettings.swift */; };
		A1000004001 /* Citation.swift in Sources */ = {isa = PBXBuildFile; fileRef = A1000004000 /* Citation.swift */; };
		A1000005001 /* Document.swift in Sources */ = {isa = PBXBuildFile; fileRef = A1000005000 /* Document.swift */; };
		A1000006001 /* Enums.swift in Sources */ = {isa = PBXBuildFile; fileRef = A1000006000 /* Enums.swift */; };
		A1000075001 /* DocumentSorting.swift in Sources */ = {isa = PBXBuildFile; fileRef = A1000075000 /* DocumentSorting.swift */; };
		A1000007001 /* EvidenceReport.swift in Sources */ = {isa = PBXBuildFile; fileRef = A1000007000 /* EvidenceReport.swift */; };
		A1000008001 /* FactCheckSession.swift in Sources */ = {isa = PBXBuildFile; fileRef = A1000008000 /* FactCheckSession.swift */; };
		A1000009001 /* UsageRecord.swift in Sources */ = {isa = PBXBuildFile; fileRef = A1000009000 /* UsageRecord.swift */; };
		A1000010001 /* FactCheckWorkflow.swift in Sources */ = {isa = PBXBuildFile; fileRef = A1000010000 /* FactCheckWorkflow.swift */; };
		A1000011001 /* LLMService.swift in Sources */ = {isa = PBXBuildFile; fileRef = A1000011000 /* LLMService.swift */; };
		A1000013001 /* CostCalculator.swift in Sources */ = {isa = PBXBuildFile; fileRef = A1000013000 /* CostCalculator.swift */; };
		A1000014001 /* KeychainHelper.swift in Sources */ = {isa = PBXBuildFile; fileRef = A1000014000 /* KeychainHelper.swift */; };
		A1000015001 /* ResponseParser.swift in Sources */ = {isa = PBXBuildFile; fileRef = A1000015000 /* ResponseParser.swift */; };
		A1000016001 /* FactCheckView.swift in Sources */ = {isa = PBXBuildFile; fileRef = A1000016000 /* FactCheckView.swift */; };
		A1000017001 /* HistoryView.swift in Sources */ = {isa = PBXBuildFile; fileRef = A1000017000 /* HistoryView.swift */; };
		A1000018001 /* ReportView.swift in Sources */ = {isa = PBXBuildFile; fileRef = A1000018000 /* ReportView.swift */; };
		A1000019001 /* SettingsView.swift in Sources */ = {isa = PBXBuildFile; fileRef = A1000019000 /* SettingsView.swift */; };
		A1000020001 /* Assets.xcassets in Resources */ = {isa = PBXBuildFile; fileRef = A1000020000 /* Assets.xcassets */; };
		A1000021001 /* Preview Assets.xcassets in Resources */ = {isa = PBXBuildFile; fileRef = A1000021000 /* Preview Assets.xcassets */; };
		A1000022001 /* EmbeddingService.swift in Sources */ = {isa = PBXBuildFile; fileRef = A1000022000 /* EmbeddingService.swift */; };
		A1000023001 /* ScoredDocumentsView.swift in Sources */ = {isa = PBXBuildFile; fileRef = A1000023000 /* ScoredDocumentsView.swift */; };
		A1000024001 /* LLMProvider.swift in Sources */ = {isa = PBXBuildFile; fileRef = A1000024000 /* LLMProvider.swift */; };
		A1000025001 /* DisclaimerView.swift in Sources */ = {isa = PBXBuildFile; fileRef = A1000025000 /* DisclaimerView.swift */; };
		A1000026001 /* PrintableReportView.swift in Sources */ = {isa = PBXBuildFile; fileRef = A1000026000 /* PrintableReportView.swift */; };
		A1000027001 /* PDFExporter.swift in Sources */ = {isa = PBXBuildFile; fileRef = A1000027000 /* PDFExporter.swift */; };
		A1000028001 /* ModelFetchService.swift in Sources */ = {isa = PBXBuildFile; fileRef = A1000028000 /* ModelFetchService.swift */; };
		A1000029001 /* NotificationNames.swift in Sources */ = {isa = PBXBuildFile; fileRef = A1000029000 /* NotificationNames.swift */; };
		A1000030001 /* StringArrayTransformer.swift in Sources */ = {isa = PBXBuildFile; fileRef = A1000030000 /* StringArrayTransformer.swift */; };
		A1000031001 /* HelpView.swift in Sources */ = {isa = PBXBuildFile; fileRef = A1000031000 /* HelpView.swift */; };
		A1000032001 /* HELP.md in Resources */ = {isa = PBXBuildFile; fileRef = A1000032000 /* HELP.md */; };
		A1000033001 /* PRIVACY.md in Resources */ = {isa = PBXBuildFile; fileRef = A1000033000 /* PRIVACY.md */; };
		A1000034001 /* OnboardingView.swift in Sources */ = {isa = PBXBuildFile; fileRef = A1000034000 /* OnboardingView.swift */; };
		A1000035001 /* SearchProvider.swift in Sources */ = {isa = PBXBuildFile; fileRef = A1000035000 /* SearchProvider.swift */; };
		A1000036001 /* FullTextSource.swift in Sources */ = {isa = PBXBuildFile; fileRef = A1000036000 /* FullTextSource.swift */; };
		A1000039001 /* SearchServiceProtocol.swift in Sources */ = {isa = PBXBuildFile; fileRef = A1000039000 /* SearchServiceProtocol.swift */; };
		A1000040001 /* FullTextConstants.swift in Sources */ = {isa = PBXBuildFile; fileRef = A1000040000 /* FullTextConstants.swift */; };
		A1000041001 /* JATSXMLParser.swift in Sources */ = {isa = PBXBuildFile; fileRef = A1000041000 /* JATSXMLParser.swift */; };
		A1000042001 /* PlatformHelper.swift in Sources */ = {isa = PBXBuildFile; fileRef = A1000042000 /* PlatformHelper.swift */; };
		A1000043001 /* QueryTranslator.swift in Sources */ = {isa = PBXBuildFile; fileRef = A1000043000 /* QueryTranslator.swift */; };
		A1000044001 /* QueryValidator.swift in Sources */ = {isa = PBXBuildFile; fileRef = A1000044000 /* QueryValidator.swift */; };
		A1000045001 /* SearchResultMerger.swift in Sources */ = {isa = PBXBuildFile; fileRef = A1000045000 /* SearchResultMerger.swift */; };
		A1000046001 /* DocumentSourceBadge.swift in Sources */ = {isa = PBXBuildFile; fileRef = A1000046000 /* DocumentSourceBadge.swift */; };
		3DE1E64C0DB9282C99B7AF46 /* TransparencyRiskBadge.swift in Sources */ = {isa = PBXBuildFile; fileRef = F06271E0299E1A6F384FBEA9 /* TransparencyRiskBadge.swift */; };
		31E912D85338E1DA549131FB /* TransparencyDetailView.swift in Sources */ = {isa = PBXBuildFile; fileRef = A7C2073CD8F8C36C012C3855 /* TransparencyDetailView.swift */; };
		0B646CAD99C485B214CBEDB6 /* TransparencySummarySection.swift in Sources */ = {isa = PBXBuildFile; fileRef = A7385C28100996EC8F00B8E7 /* TransparencySummarySection.swift */; };
		F521A57463CD53B66F6F08B5 /* MacTransparencyRiskBadge.swift in Sources */ = {isa = PBXBuildFile; fileRef = 5007C50814C91F478C4A8E1E /* MacTransparencyRiskBadge.swift */; };
		88733B51F5BCDE5CBD7ACC8D /* MacTransparencyDetailView.swift in Sources */ = {isa = PBXBuildFile; fileRef = 5988AA7B6ED8678390E3B363 /* MacTransparencyDetailView.swift */; };
		80FDDCA282926105A1D3178B /* MacTransparencySummarySection.swift in Sources */ = {isa = PBXBuildFile; fileRef = E8E2876C1A2484B8EF749FFD /* MacTransparencySummarySection.swift */; };
		A1000047001 /* FetchMoreView.swift in Sources */ = {isa = PBXBuildFile; fileRef = A1000047000 /* FetchMoreView.swift */; };
		A1000048001 /* FullTextSourceBadge.swift in Sources */ = {isa = PBXBuildFile; fileRef = A1000048000 /* FullTextSourceBadge.swift */; };
		A1000049001 /* SearchProgressView.swift in Sources */ = {isa = PBXBuildFile; fileRef = A1000049000 /* SearchProgressView.swift */; };
		A1000050001 /* SearchOptionsView.swift in Sources */ = {isa = PBXBuildFile; fileRef = A1000050000 /* SearchOptionsView.swift */; };
		A1000051001 /* FullTextViewer.swift in Sources */ = {isa = PBXBuildFile; fileRef = A1000051000 /* FullTextViewer.swift */; };
		A1000074001 /* FullTextTab.swift in Sources */ = {isa = PBXBuildFile; fileRef = A1000074000 /* FullTextTab.swift */; };
		A1000052001 /* CloudKitConfiguration.swift in Sources */ = {isa = PBXBuildFile; fileRef = A1000052000 /* CloudKitConfiguration.swift */; };
		A1000054001 /* BioMedLitAdapters.swift in Sources */ = {isa = PBXBuildFile; fileRef = A1000054000 /* BioMedLitAdapters.swift */; };
		A1000057001 /* StructuredQuery.swift in Sources */ = {isa = PBXBuildFile; fileRef = A1000057000 /* StructuredQuery.swift */; };
		A1000058001 /* QueryConstants.swift in Sources */ = {isa = PBXBuildFile; fileRef = A1000058000 /* QueryConstants.swift */; };
		A1000059001 /* ParallelScoringService.swift in Sources */ = {isa = PBXBuildFile; fileRef = A1000059000 /* ParallelScoringService.swift */; };
		A1000060001 /* SortingControlsView.swift in Sources */ = {isa = PBXBuildFile; fileRef = A1000060000 /* SortingControlsView.swift */; };
		A1000061001 /* ErrorQueueView.swift in Sources */ = {isa = PBXBuildFile; fileRef = A1000061000 /* ErrorQueueView.swift */; };
		A1000062001 /* ErrorEntry.swift in Sources */ = {isa = PBXBuildFile; fileRef = A1000062000 /* ErrorEntry.swift */; };
		A1000063001 /* ErrorPersistenceManager.swift in Sources */ = {isa = PBXBuildFile; fileRef = A1000063000 /* ErrorPersistenceManager.swift */; };
		A1000064001 /* ErrorTypes.swift in Sources */ = {isa = PBXBuildFile; fileRef = A1000064000 /* ErrorTypes.swift */; };
		A1000065001 /* WorkflowConstants.swift in Sources */ = {isa = PBXBuildFile; fileRef = A1000065000 /* WorkflowConstants.swift */; };
		A1000066001 /* ParallelCitationService.swift in Sources */ = {isa = PBXBuildFile; fileRef = A1000066000 /* ParallelCitationService.swift */; };
		A1000067001 /* BackgroundTaskManager.swift in Sources */ = {isa = PBXBuildFile; fileRef = A1000067000 /* BackgroundTaskManager.swift */; };
		A1000068001 /* BackgroundStatusBanner.swift in Sources */ = {isa = PBXBuildFile; fileRef = A1000068000 /* BackgroundStatusBanner.swift */; };
		A1000069001 /* SchemaVersions.swift in Sources */ = {isa = PBXBuildFile; fileRef = A1000069000 /* SchemaVersions.swift */; };
		A1000071001 /* BudgetChecker.swift in Sources */ = {isa = PBXBuildFile; fileRef = A1000071000 /* BudgetChecker.swift */; };
		A1000072001 /* PromptTemplates.swift in Sources */ = {isa = PBXBuildFile; fileRef = A1000072000 /* PromptTemplates.swift */; };
		A1000073001 /* ReportFormatter.swift in Sources */ = {isa = PBXBuildFile; fileRef = A1000073000 /* ReportFormatter.swift */; };
		A5DF3C2C750F93571F536572 /* MedicalFactCheckerMacApp.swift in Sources */ = {isa = PBXBuildFile; fileRef = 80B0502275D5E267C0701E56 /* MedicalFactCheckerMacApp.swift */; };
		AA20BA03F3578738656E720B /* ProgressReporting.swift in Sources */ = {isa = PBXBuildFile; fileRef = FD93FAA95F3B79411DE7C6FB /* ProgressReporting.swift */; };
		AC7F5F9D117D0C62AB84424D /* MacUtilities.swift in Sources */ = {isa = PBXBuildFile; fileRef = 1B1A551C72E0132CF2D53022 /* MacUtilities.swift */; };
		AF795A30DE8C130B1F39446D /* CheckpointedScoringService.swift in Sources */ = {isa = PBXBuildFile; fileRef = A209B35A85EFF3CFCE9C2141 /* CheckpointedScoringService.swift */; };
		AF7C55453F1847A521E940C1 /* MacHelpViews.swift in Sources */ = {isa = PBXBuildFile; fileRef = 7A2ED4E6BF01BA8A836174C9 /* MacHelpViews.swift */; };
		B5E70E87E77A9A178DC702EE /* MacSortingControlsView.swift in Sources */ = {isa = PBXBuildFile; fileRef = 7DE2D66575DF0967DF2CF9A6 /* MacSortingControlsView.swift */; };
		C44A67B1D246BAE4372826D2 /* MacFullTextSourceBadge.swift in Sources */ = {isa = PBXBuildFile; fileRef = 678CD1CA1A539B9B54AFB397 /* MacFullTextSourceBadge.swift */; };
		C66F3BFC5B474797CD4D732C /* CheckpointManager.swift in Sources */ = {isa = PBXBuildFile; fileRef = F0A9BED95302CC005E6E9DB0 /* CheckpointManager.swift */; };
		D1A27BC2679D5C85BD1B6DC5 /* MacDocumentSourceBadge.swift in Sources */ = {isa = PBXBuildFile; fileRef = 57938901AE3B81A0E88815D1 /* MacDocumentSourceBadge.swift */; };
		E10A8206211F4F148F5488A4 /* MacSearchProgressView.swift in Sources */ = {isa = PBXBuildFile; fileRef = BFFCDCD81F58EC2F0CF438E8 /* MacSearchProgressView.swift */; };
		E3523390EFEB6A4021F73BF3 /* MacErrorQueueView.swift in Sources */ = {isa = PBXBuildFile; fileRef = 64577ADB5E841221E87D162B /* MacErrorQueueView.swift */; };
		E705D3D03AE7C13929162654 /* MacSettingsView.swift in Sources */ = {isa = PBXBuildFile; fileRef = A351474F50723CBC91DAC90F /* MacSettingsView.swift */; };
		E95FAF1CAD3EA8FF31BDD1CB /* HistoryConstants.swift in Sources */ = {isa = PBXBuildFile; fileRef = 7AC80694695DEFBEBDF4A0C1 /* HistoryConstants.swift */; };
/* End PBXBuildFile section */

/* Begin PBXFileReference section */
		02F4A54BEF425872F49B2BD9 /* MacFetchMoreView.swift */ = {isa = PBXFileReference; includeInIndex = 1; lastKnownFileType = sourcecode.swift; path = MacFetchMoreView.swift; sourceTree = "<group>"; };
		1408F7E3EA6F0A6637CD5A65 /* ProcessingProgressView.swift */ = {isa = PBXFileReference; includeInIndex = 1; lastKnownFileType = sourcecode.swift; path = ProcessingProgressView.swift; sourceTree = "<group>"; };
		1B1A551C72E0132CF2D53022 /* MacUtilities.swift */ = {isa = PBXFileReference; includeInIndex = 1; lastKnownFileType = sourcecode.swift; path = MacUtilities.swift; sourceTree = "<group>"; };
		1CD6BDD1310D6A5AB67A4E8B /* MacFullTextTab.swift */ = {isa = PBXFileReference; includeInIndex = 1; lastKnownFileType = sourcecode.swift; path = MacFullTextTab.swift; sourceTree = "<group>"; };
		230B1CE1E585F2D941C23B56 /* MacFullTextViewer.swift */ = {isa = PBXFileReference; includeInIndex = 1; lastKnownFileType = sourcecode.swift; path = MacFullTextViewer.swift; sourceTree = "<group>"; };
		3280096E73BA9377D50E633D /* MacScoredDocumentsView.swift */ = {isa = PBXFileReference; includeInIndex = 1; lastKnownFileType = sourcecode.swift; path = MacScoredDocumentsView.swift; sourceTree = "<group>"; };
		57938901AE3B81A0E88815D1 /* MacDocumentSourceBadge.swift */ = {isa = PBXFileReference; includeInIndex = 1; lastKnownFileType = sourcecode.swift; path = MacDocumentSourceBadge.swift; sourceTree = "<group>"; };
		59D3B6659F5FC046D2C99AA6 /* MacContentView.swift */ = {isa = PBXFileReference; includeInIndex = 1; lastKnownFileType = sourcecode.swift; path = MacContentView.swift; sourceTree = "<group>"; };
		64577ADB5E841221E87D162B /* MacErrorQueueView.swift */ = {isa = PBXFileReference; includeInIndex = 1; lastKnownFileType = sourcecode.swift; path = MacErrorQueueView.swift; sourceTree = "<group>"; };
		678CD1CA1A539B9B54AFB397 /* MacFullTextSourceBadge.swift */ = {isa = PBXFileReference; includeInIndex = 1; lastKnownFileType = sourcecode.swift; path = MacFullTextSourceBadge.swift; sourceTree = "<group>"; };
		6C78409E9FDDEA5D9EA1CC80 /* MacFactCheckView.swift */ = {isa = PBXFileReference; includeInIndex = 1; lastKnownFileType = sourcecode.swift; path = MacFactCheckView.swift; sourceTree = "<group>"; };
		7A2ED4E6BF01BA8A836174C9 /* MacHelpViews.swift */ = {isa = PBXFileReference; includeInIndex = 1; lastKnownFileType = sourcecode.swift; path = MacHelpViews.swift; sourceTree = "<group>"; };
		7AC80694695DEFBEBDF4A0C1 /* HistoryConstants.swift */ = {isa = PBXFileReference; includeInIndex = 1; lastKnownFileType = sourcecode.swift; path = HistoryConstants.swift; sourceTree = "<group>"; };
		7DE2D66575DF0967DF2CF9A6 /* MacSortingControlsView.swift */ = {isa = PBXFileReference; includeInIndex = 1; lastKnownFileType = sourcecode.swift; path = MacSortingControlsView.swift; sourceTree = "<group>"; };
		8031F196CF9CD1A5029B0F75 /* MacConstants.swift */ = {isa = PBXFileReference; includeInIndex = 1; lastKnownFileType = sourcecode.swift; path = MacConstants.swift; sourceTree = "<group>"; };
		80B0502275D5E267C0701E56 /* MedicalFactCheckerMacApp.swift */ = {isa = PBXFileReference; includeInIndex = 1; lastKnownFileType = sourcecode.swift; path = MedicalFactCheckerMacApp.swift; sourceTree = "<group>"; };
		8A5BFD2F929C0DC14907C525 /* ProcessingCheckpoint.swift */ = {isa = PBXFileReference; includeInIndex = 1; lastKnownFileType = sourcecode.swift; path = ProcessingCheckpoint.swift; sourceTree = "<group>"; };
		A1000000000 /* MedicalFactChecker.app */ = {isa = PBXFileReference; explicitFileType = wrapper.application; includeInIndex = 0; path = MedicalFactChecker.app; sourceTree = BUILT_PRODUCTS_DIR; };
		A1000001000 /* MedicalFactCheckerApp.swift */ = {isa = PBXFileReference; lastKnownFileType = sourcecode.swift; path = MedicalFactCheckerApp.swift; sourceTree = "<group>"; };
		A1000002000 /* ContentView.swift */ = {isa = PBXFileReference; lastKnownFileType = sourcecode.swift; path = ContentView.swift; sourceTree = "<group>"; };
		A1000003000 /* AppSettings.swift */ = {isa = PBXFileReference; lastKnownFileType = sourcecode.swift; path = AppSettings.swift; sourceTree = "<group>"; };
		A1000004000 /* Citation.swift */ = {isa = PBXFileReference; lastKnownFileType = sourcecode.swift; path = Citation.swift; sourceTree = "<group>"; };
		A1000005000 /* Document.swift */ = {isa = PBXFileReference; lastKnownFileType = sourcecode.swift; path = Document.swift; sourceTree = "<group>"; };
		A1000006000 /* Enums.swift */ = {isa = PBXFileReference; lastKnownFileType = sourcecode.swift; path = Enums.swift; sourceTree = "<group>"; };
		A1000075000 /* DocumentSorting.swift */ = {isa = PBXFileReference; lastKnownFileType = sourcecode.swift; path = DocumentSorting.swift; sourceTree = "<group>"; };
		A1000007000 /* EvidenceReport.swift */ = {isa = PBXFileReference; lastKnownFileType = sourcecode.swift; path = EvidenceReport.swift; sourceTree = "<group>"; };
		A1000008000 /* FactCheckSession.swift */ = {isa = PBXFileReference; lastKnownFileType = sourcecode.swift; path = FactCheckSession.swift; sourceTree = "<group>"; };
		A1000009000 /* UsageRecord.swift */ = {isa = PBXFileReference; lastKnownFileType = sourcecode.swift; path = UsageRecord.swift; sourceTree = "<group>"; };
		A1000010000 /* FactCheckWorkflow.swift */ = {isa = PBXFileReference; lastKnownFileType = sourcecode.swift; path = FactCheckWorkflow.swift; sourceTree = "<group>"; };
		A1000011000 /* LLMService.swift */ = {isa = PBXFileReference; lastKnownFileType = sourcecode.swift; path = LLMService.swift; sourceTree = "<group>"; };
		A1000013000 /* CostCalculator.swift */ = {isa = PBXFileReference; lastKnownFileType = sourcecode.swift; path = CostCalculator.swift; sourceTree = "<group>"; };
		A1000014000 /* KeychainHelper.swift */ = {isa = PBXFileReference; lastKnownFileType = sourcecode.swift; path = KeychainHelper.swift; sourceTree = "<group>"; };
		A1000015000 /* ResponseParser.swift */ = {isa = PBXFileReference; lastKnownFileType = sourcecode.swift; path = ResponseParser.swift; sourceTree = "<group>"; };
		A1000016000 /* FactCheckView.swift */ = {isa = PBXFileReference; lastKnownFileType = sourcecode.swift; path = FactCheckView.swift; sourceTree = "<group>"; };
		A1000017000 /* HistoryView.swift */ = {isa = PBXFileReference; lastKnownFileType = sourcecode.swift; path = HistoryView.swift; sourceTree = "<group>"; };
		A1000018000 /* ReportView.swift */ = {isa = PBXFileReference; lastKnownFileType = sourcecode.swift; path = ReportView.swift; sourceTree = "<group>"; };
		A1000019000 /* SettingsView.swift */ = {isa = PBXFileReference; lastKnownFileType = sourcecode.swift; path = SettingsView.swift; sourceTree = "<group>"; };
		A1000020000 /* Assets.xcassets */ = {isa = PBXFileReference; lastKnownFileType = folder.assetcatalog; path = Assets.xcassets; sourceTree = "<group>"; };
		A1000021000 /* Preview Assets.xcassets */ = {isa = PBXFileReference; lastKnownFileType = folder.assetcatalog; path = "Preview Assets.xcassets"; sourceTree = "<group>"; };
		A1000022000 /* EmbeddingService.swift */ = {isa = PBXFileReference; lastKnownFileType = sourcecode.swift; path = EmbeddingService.swift; sourceTree = "<group>"; };
		A1000023000 /* ScoredDocumentsView.swift */ = {isa = PBXFileReference; lastKnownFileType = sourcecode.swift; path = ScoredDocumentsView.swift; sourceTree = "<group>"; };
		A1000024000 /* LLMProvider.swift */ = {isa = PBXFileReference; lastKnownFileType = sourcecode.swift; path = LLMProvider.swift; sourceTree = "<group>"; };
		A1000025000 /* DisclaimerView.swift */ = {isa = PBXFileReference; lastKnownFileType = sourcecode.swift; path = DisclaimerView.swift; sourceTree = "<group>"; };
		A1000026000 /* PrintableReportView.swift */ = {isa = PBXFileReference; lastKnownFileType = sourcecode.swift; path = PrintableReportView.swift; sourceTree = "<group>"; };
		A1000027000 /* PDFExporter.swift */ = {isa = PBXFileReference; lastKnownFileType = sourcecode.swift; path = PDFExporter.swift; sourceTree = "<group>"; };
		A1000028000 /* ModelFetchService.swift */ = {isa = PBXFileReference; lastKnownFileType = sourcecode.swift; path = ModelFetchService.swift; sourceTree = "<group>"; };
		A1000029000 /* NotificationNames.swift */ = {isa = PBXFileReference; lastKnownFileType = sourcecode.swift; path = NotificationNames.swift; sourceTree = "<group>"; };
		A1000030000 /* StringArrayTransformer.swift */ = {isa = PBXFileReference; lastKnownFileType = sourcecode.swift; path = StringArrayTransformer.swift; sourceTree = "<group>"; };
		A1000031000 /* HelpView.swift */ = {isa = PBXFileReference; lastKnownFileType = sourcecode.swift; path = HelpView.swift; sourceTree = "<group>"; };
		A1000032000 /* HELP.md */ = {isa = PBXFileReference; lastKnownFileType = net.daringfireball.markdown; path = HELP.md; sourceTree = SOURCE_ROOT; };
		A1000033000 /* PRIVACY.md */ = {isa = PBXFileReference; lastKnownFileType = net.daringfireball.markdown; path = PRIVACY.md; sourceTree = SOURCE_ROOT; };
		A1000034000 /* OnboardingView.swift */ = {isa = PBXFileReference; lastKnownFileType = sourcecode.swift; path = OnboardingView.swift; sourceTree = "<group>"; };
		A1000035000 /* SearchProvider.swift */ = {isa = PBXFileReference; lastKnownFileType = sourcecode.swift; path = SearchProvider.swift; sourceTree = "<group>"; };
		A1000036000 /* FullTextSource.swift */ = {isa = PBXFileReference; lastKnownFileType = sourcecode.swift; path = FullTextSource.swift; sourceTree = "<group>"; };
		A1000039000 /* SearchServiceProtocol.swift */ = {isa = PBXFileReference; lastKnownFileType = sourcecode.swift; path = SearchServiceProtocol.swift; sourceTree = "<group>"; };
		A1000040000 /* FullTextConstants.swift */ = {isa = PBXFileReference; lastKnownFileType = sourcecode.swift; path = FullTextConstants.swift; sourceTree = "<group>"; };
		A1000041000 /* JATSXMLParser.swift */ = {isa = PBXFileReference; lastKnownFileType = sourcecode.swift; path = JATSXMLParser.swift; sourceTree = "<group>"; };
		A1000042000 /* PlatformHelper.swift */ = {isa = PBXFileReference; lastKnownFileType = sourcecode.swift; path = PlatformHelper.swift; sourceTree = "<group>"; };
		A1000043000 /* QueryTranslator.swift */ = {isa = PBXFileReference; lastKnownFileType = sourcecode.swift; path = QueryTranslator.swift; sourceTree = "<group>"; };
		A1000044000 /* QueryValidator.swift */ = {isa = PBXFileReference; lastKnownFileType = sourcecode.swift; path = QueryValidator.swift; sourceTree = "<group>"; };
		A1000045000 /* SearchResultMerger.swift */ = {isa = PBXFileReference; lastKnownFileType = sourcecode.swift; path = SearchResultMerger.swift; sourceTree = "<group>"; };
		A1000046000 /* DocumentSourceBadge.swift */ = {isa = PBXFileReference; lastKnownFileType = sourcecode.swift; path = DocumentSourceBadge.swift; sourceTree = "<group>"; };
		F06271E0299E1A6F384FBEA9 /* TransparencyRiskBadge.swift */ = {isa = PBXFileReference; lastKnownFileType = sourcecode.swift; path = TransparencyRiskBadge.swift; sourceTree = "<group>"; };
		A7C2073CD8F8C36C012C3855 /* TransparencyDetailView.swift */ = {isa = PBXFileReference; lastKnownFileType = sourcecode.swift; path = TransparencyDetailView.swift; sourceTree = "<group>"; };
		A7385C28100996EC8F00B8E7 /* TransparencySummarySection.swift */ = {isa = PBXFileReference; lastKnownFileType = sourcecode.swift; path = TransparencySummarySection.swift; sourceTree = "<group>"; };
		5007C50814C91F478C4A8E1E /* MacTransparencyRiskBadge.swift */ = {isa = PBXFileReference; includeInIndex = 1; lastKnownFileType = sourcecode.swift; path = MacTransparencyRiskBadge.swift; sourceTree = "<group>"; };
		5988AA7B6ED8678390E3B363 /* MacTransparencyDetailView.swift */ = {isa = PBXFileReference; includeInIndex = 1; lastKnownFileType = sourcecode.swift; path = MacTransparencyDetailView.swift; sourceTree = "<group>"; };
		E8E2876C1A2484B8EF749FFD /* MacTransparencySummarySection.swift */ = {isa = PBXFileReference; includeInIndex = 1; lastKnownFileType = sourcecode.swift; path = MacTransparencySummarySection.swift; sourceTree = "<group>"; };
		A1000047000 /* FetchMoreView.swift */ = {isa = PBXFileReference; lastKnownFileType = sourcecode.swift; path = FetchMoreView.swift; sourceTree = "<group>"; };
		A1000048000 /* FullTextSourceBadge.swift */ = {isa = PBXFileReference; lastKnownFileType = sourcecode.swift; path = FullTextSourceBadge.swift; sourceTree = "<group>"; };
		A1000049000 /* SearchProgressView.swift */ = {isa = PBXFileReference; lastKnownFileType = sourcecode.swift; path = SearchProgressView.swift; sourceTree = "<group>"; };
		A1000050000 /* SearchOptionsView.swift */ = {isa = PBXFileReference; lastKnownFileType = sourcecode.swift; path = SearchOptionsView.swift; sourceTree = "<group>"; };
		A1000051000 /* FullTextViewer.swift */ = {isa = PBXFileReference; lastKnownFileType = sourcecode.swift; path = FullTextViewer.swift; sourceTree = "<group>"; };
		A1000074000 /* FullTextTab.swift */ = {isa = PBXFileReference; lastKnownFileType = sourcecode.swift; path = FullTextTab.swift; sourceTree = "<group>"; };
		A1000052000 /* CloudKitConfiguration.swift */ = {isa = PBXFileReference; lastKnownFileType = sourcecode.swift; path = CloudKitConfiguration.swift; sourceTree = "<group>"; };
		A1000053000 /* MedicalFactChecker.entitlements */ = {isa = PBXFileReference; lastKnownFileType = text.plist.entitlements; path = MedicalFactChecker.entitlements; sourceTree = "<group>"; };
		A1000054000 /* BioMedLitAdapters.swift */ = {isa = PBXFileReference; lastKnownFileType = sourcecode.swift; path = BioMedLitAdapters.swift; sourceTree = "<group>"; };
		A1000057000 /* StructuredQuery.swift */ = {isa = PBXFileReference; lastKnownFileType = sourcecode.swift; path = StructuredQuery.swift; sourceTree = "<group>"; };
		A1000058000 /* QueryConstants.swift */ = {isa = PBXFileReference; lastKnownFileType = sourcecode.swift; path = QueryConstants.swift; sourceTree = "<group>"; };
		A1000059000 /* ParallelScoringService.swift */ = {isa = PBXFileReference; lastKnownFileType = sourcecode.swift; path = ParallelScoringService.swift; sourceTree = "<group>"; };
		A1000060000 /* SortingControlsView.swift */ = {isa = PBXFileReference; lastKnownFileType = sourcecode.swift; path = SortingControlsView.swift; sourceTree = "<group>"; };
		A1000061000 /* ErrorQueueView.swift */ = {isa = PBXFileReference; lastKnownFileType = sourcecode.swift; path = ErrorQueueView.swift; sourceTree = "<group>"; };
		A1000062000 /* ErrorEntry.swift */ = {isa = PBXFileReference; lastKnownFileType = sourcecode.swift; path = ErrorEntry.swift; sourceTree = "<group>"; };
		A1000063000 /* ErrorPersistenceManager.swift */ = {isa = PBXFileReference; lastKnownFileType = sourcecode.swift; path = ErrorPersistenceManager.swift; sourceTree = "<group>"; };
		A1000064000 /* ErrorTypes.swift */ = {isa = PBXFileReference; lastKnownFileType = sourcecode.swift; path = ErrorTypes.swift; sourceTree = "<group>"; };
		A1000065000 /* WorkflowConstants.swift */ = {isa = PBXFileReference; lastKnownFileType = sourcecode.swift; path = WorkflowConstants.swift; sourceTree = "<group>"; };
		A1000066000 /* ParallelCitationService.swift */ = {isa = PBXFileReference; lastKnownFileType = sourcecode.swift; path = ParallelCitationService.swift; sourceTree = "<group>"; };
		A1000067000 /* BackgroundTaskManager.swift */ = {isa = PBXFileReference; lastKnownFileType = sourcecode.swift; path = BackgroundTaskManager.swift; sourceTree = "<group>"; };
		A1000068000 /* BackgroundStatusBanner.swift */ = {isa = PBXFileReference; lastKnownFileType = sourcecode.swift; path = BackgroundStatusBanner.swift; sourceTree = "<group>"; };
		A1000069000 /* SchemaVersions.swift */ = {isa = PBXFileReference; lastKnownFileType = sourcecode.swift; path = SchemaVersions.swift; sourceTree = "<group>"; };
		A1000070000 /* MedicalFactCheckerMac.entitlements */ = {isa = PBXFileReference; lastKnownFileType = text.plist.entitlements; path = MedicalFactCheckerMac.entitlements; sourceTree = "<group>"; };
		A1000071000 /* BudgetChecker.swift */ = {isa = PBXFileReference; lastKnownFileType = sourcecode.swift; path = BudgetChecker.swift; sourceTree = "<group>"; };
		A1000072000 /* PromptTemplates.swift */ = {isa = PBXFileReference; lastKnownFileType = sourcecode.swift; path = PromptTemplates.swift; sourceTree = "<group>"; };
		A1000073000 /* ReportFormatter.swift */ = {isa = PBXFileReference; lastKnownFileType = sourcecode.swift; path = ReportFormatter.swift; sourceTree = "<group>"; };
		A209B35A85EFF3CFCE9C2141 /* CheckpointedScoringService.swift */ = {isa = PBXFileReference; includeInIndex = 1; lastKnownFileType = sourcecode.swift; path = CheckpointedScoringService.swift; sourceTree = "<group>"; };
		A351474F50723CBC91DAC90F /* MacSettingsView.swift */ = {isa = PBXFileReference; includeInIndex = 1; lastKnownFileType = sourcecode.swift; path = MacSettingsView.swift; sourceTree = "<group>"; };
		AD189737C5701726FE9E52B7 /* MacProcessingProgressView.swift */ = {isa = PBXFileReference; includeInIndex = 1; lastKnownFileType = sourcecode.swift; path = MacProcessingProgressView.swift; sourceTree = "<group>"; };
		B0CE2ABEECF6AF0F1729621A /* MacPrintableReportView.swift */ = {isa = PBXFileReference; includeInIndex = 1; lastKnownFileType = sourcecode.swift; path = MacPrintableReportView.swift; sourceTree = "<group>"; };
		BFFCDCD81F58EC2F0CF438E8 /* MacSearchProgressView.swift */ = {isa = PBXFileReference; includeInIndex = 1; lastKnownFileType = sourcecode.swift; path = MacSearchProgressView.swift; sourceTree = "<group>"; };
		D665F665F40DC4F821AED5FA /* MacReportView.swift */ = {isa = PBXFileReference; includeInIndex = 1; lastKnownFileType = sourcecode.swift; path = MacReportView.swift; sourceTree = "<group>"; };
		D866E9F7E4E7DF2A8B5AE721 /* MacOnboardingView.swift */ = {isa = PBXFileReference; includeInIndex = 1; lastKnownFileType = sourcecode.swift; path = MacOnboardingView.swift; sourceTree = "<group>"; };
		F0A9BED95302CC005E6E9DB0 /* CheckpointManager.swift */ = {isa = PBXFileReference; includeInIndex = 1; lastKnownFileType = sourcecode.swift; path = CheckpointManager.swift; sourceTree = "<group>"; };
		F111ED9AA6EE0B4437331914 /* MacSearchOptionsToolbar.swift */ = {isa = PBXFileReference; includeInIndex = 1; lastKnownFileType = sourcecode.swift; path = MacSearchOptionsToolbar.swift; sourceTree = "<group>"; };
		F3414FA46C1181D7951C1166 /* MacHistoryView.swift */ = {isa = PBXFileReference; includeInIndex = 1; lastKnownFileType = sourcecode.swift; path = MacHistoryView.swift; sourceTree = "<group>"; };
		FD93FAA95F3B79411DE7C6FB /* ProgressReporting.swift */ = {isa = PBXFileReference; includeInIndex = 1; lastKnownFileType = sourcecode.swift; path = ProgressReporting.swift; sourceTree = "<group>"; };
/* End PBXFileReference section */

/* Begin PBXFrameworksBuildPhase section */
		A1000000003 /* Frameworks */ = {
			isa = PBXFrameworksBuildPhase;
			buildActionMask = 2147483647;
			files = (
				6F36EF622F1C5A5200C0AAEA /* BioMedLit in Frameworks */,
			);
			runOnlyForDeploymentPostprocessing = 0;
		};
/* End PBXFrameworksBuildPhase section */

/* Begin PBXGroup section */
		0F5C7A53540E9D534FD95210 /* Onboarding */ = {
			isa = PBXGroup;
			children = (
				D866E9F7E4E7DF2A8B5AE721 /* MacOnboardingView.swift */,
			);
			path = Onboarding;
			sourceTree = "<group>";
		};
		2C814CC74E7312F1253921AE /* Views */ = {
			isa = PBXGroup;
			children = (
				FA5A56EB48DD26B3B2CF6A74 /* FactCheck */,
				D08E944CAA7A953AD7D594D9 /* History */,
				F2F33D819CB5DD7DE8D816CE /* Report */,
				B2FC292678F5484E4D35D156 /* Settings */,
				E234EBA156DBD1A91FB8F99D /* Help */,
				0F5C7A53540E9D534FD95210 /* Onboarding */,
				EDB44391F5FDA4E28B4D7061 /* Components */,
			);
			path = Views;
			sourceTree = "<group>";
		};
		A1000000010 = {
			isa = PBXGroup;
			children = (
				A1000000020 /* Sources */,
				A1000000030 /* Products */,
			);
			sourceTree = "<group>";
		};
		A1000000020 /* Sources */ = {
			isa = PBXGroup;
			children = (
				A1000000021 /* App */,
				A1000000022 /* Models */,
				A1000000023 /* Services */,
				A1000000024 /* Utilities */,
				A1000000025 /* Views */,
				A1000020000 /* Assets.xcassets */,
				A1000000026 /* Preview Content */,
				A1000032000 /* HELP.md */,
				A1000033000 /* PRIVACY.md */,
				A1000053000 /* MedicalFactChecker.entitlements */,
				A1000070000 /* MedicalFactCheckerMac.entitlements */,
				E7210ACEEE6F00D966A72A7D /* macOS */,
			);
			path = Sources;
			sourceTree = "<group>";
		};
		A1000000021 /* App */ = {
			isa = PBXGroup;
			children = (
				A1000001000 /* MedicalFactCheckerApp.swift */,
				A1000002000 /* ContentView.swift */,
			);
			path = App;
			sourceTree = "<group>";
		};
		A1000000022 /* Models */ = {
			isa = PBXGroup;
			children = (
				A1000003000 /* AppSettings.swift */,
				A1000004000 /* Citation.swift */,
				A1000005000 /* Document.swift */,
				A1000075000 /* DocumentSorting.swift */,
				A1000006000 /* Enums.swift */,
				A1000062000 /* ErrorEntry.swift */,
				A1000064000 /* ErrorTypes.swift */,
				A1000007000 /* EvidenceReport.swift */,
				A1000008000 /* FactCheckSession.swift */,
				A1000036000 /* FullTextSource.swift */,
				7AC80694695DEFBEBDF4A0C1 /* HistoryConstants.swift */,
				A1000024000 /* LLMProvider.swift */,
				8A5BFD2F929C0DC14907C525 /* ProcessingCheckpoint.swift */,
				A1000058000 /* QueryConstants.swift */,
				A1000069000 /* SchemaVersions.swift */,
				A1000035000 /* SearchProvider.swift */,
				A1000057000 /* StructuredQuery.swift */,
				A1000009000 /* UsageRecord.swift */,
			);
			path = Models;
			sourceTree = "<group>";
		};
		A1000000023 /* Services */ = {
			isa = PBXGroup;
			children = (
				A1000067000 /* BackgroundTaskManager.swift */,
				A209B35A85EFF3CFCE9C2141 /* CheckpointedScoringService.swift */,
				F0A9BED95302CC005E6E9DB0 /* CheckpointManager.swift */,
				A1000022000 /* EmbeddingService.swift */,
				A1000063000 /* ErrorPersistenceManager.swift */,
				A1000010000 /* FactCheckWorkflow.swift */,
				A1000011000 /* LLMService.swift */,
				A1000028000 /* ModelFetchService.swift */,
				A1000066000 /* ParallelCitationService.swift */,
				A1000059000 /* ParallelScoringService.swift */,
				FD93FAA95F3B79411DE7C6FB /* ProgressReporting.swift */,
				A1000039000 /* SearchServiceProtocol.swift */,
				A1000065000 /* WorkflowConstants.swift */,
			);
			path = Services;
			sourceTree = "<group>";
		};
		A1000000024 /* Utilities */ = {
			isa = PBXGroup;
			children = (
				A1000054000 /* BioMedLitAdapters.swift */,
				A1000071000 /* BudgetChecker.swift */,
				A1000072000 /* PromptTemplates.swift */,
				A1000073000 /* ReportFormatter.swift */,
				A1000052000 /* CloudKitConfiguration.swift */,
				A1000013000 /* CostCalculator.swift */,
				A1000040000 /* FullTextConstants.swift */,
				A1000041000 /* JATSXMLParser.swift */,
				A1000014000 /* KeychainHelper.swift */,
				A1000029000 /* NotificationNames.swift */,
				A1000027000 /* PDFExporter.swift */,
				A1000042000 /* PlatformHelper.swift */,
				A1000043000 /* QueryTranslator.swift */,
				A1000044000 /* QueryValidator.swift */,
				A1000015000 /* ResponseParser.swift */,
				A1000045000 /* SearchResultMerger.swift */,
				A1000030000 /* StringArrayTransformer.swift */,
			);
			path = Utilities;
			sourceTree = "<group>";
		};
		A1000000025 /* Views */ = {
			isa = PBXGroup;
			children = (
				A100000002C /* Components */,
				A1000000027 /* FactCheck */,
				A1000000028 /* History */,
				A100000002B /* Onboarding */,
				A1000000029 /* Report */,
				A100000002A /* Settings */,
			);
			path = Views;
			sourceTree = "<group>";
		};
		A1000000026 /* Preview Content */ = {
			isa = PBXGroup;
			children = (
				A1000021000 /* Preview Assets.xcassets */,
			);
			path = "Preview Content";
			sourceTree = "<group>";
		};
		A1000000027 /* FactCheck */ = {
			isa = PBXGroup;
			children = (
				A1000016000 /* FactCheckView.swift */,
				A1000074000 /* FullTextTab.swift */,
				A1000051000 /* FullTextViewer.swift */,
				A1000023000 /* ScoredDocumentsView.swift */,
			);
			path = FactCheck;
			sourceTree = "<group>";
		};
		A1000000028 /* History */ = {
			isa = PBXGroup;
			children = (
				A1000017000 /* HistoryView.swift */,
			);
			path = History;
			sourceTree = "<group>";
		};
		A1000000029 /* Report */ = {
			isa = PBXGroup;
			children = (
				A1000018000 /* ReportView.swift */,
				A1000026000 /* PrintableReportView.swift */,
			);
			path = Report;
			sourceTree = "<group>";
		};
		A100000002A /* Settings */ = {
			isa = PBXGroup;
			children = (
				A1000031000 /* HelpView.swift */,
				A1000019000 /* SettingsView.swift */,
			);
			path = Settings;
			sourceTree = "<group>";
		};
		A100000002B /* Onboarding */ = {
			isa = PBXGroup;
			children = (
				A1000025000 /* DisclaimerView.swift */,
				A1000034000 /* OnboardingView.swift */,
			);
			path = Onboarding;
			sourceTree = "<group>";
		};
		A100000002C /* Components */ = {
			isa = PBXGroup;
			children = (
				A1000068000 /* BackgroundStatusBanner.swift */,
				A1000046000 /* DocumentSourceBadge.swift */,
				A1000061000 /* ErrorQueueView.swift */,
				A1000047000 /* FetchMoreView.swift */,
				A1000048000 /* FullTextSourceBadge.swift */,
				1408F7E3EA6F0A6637CD5A65 /* ProcessingProgressView.swift */,
				A1000050000 /* SearchOptionsView.swift */,
				A1000049000 /* SearchProgressView.swift */,
				A1000060000 /* SortingControlsView.swift */,
				F06271E0299E1A6F384FBEA9 /* TransparencyRiskBadge.swift */,
				A7C2073CD8F8C36C012C3855 /* TransparencyDetailView.swift */,
				A7385C28100996EC8F00B8E7 /* TransparencySummarySection.swift */,
			);
			path = Components;
			sourceTree = "<group>";
		};
		A1000000030 /* Products */ = {
			isa = PBXGroup;
			children = (
				A1000000000 /* MedicalFactChecker.app */,
			);
			name = Products;
			sourceTree = "<group>";
		};
		B2FC292678F5484E4D35D156 /* Settings */ = {
			isa = PBXGroup;
			children = (
				A351474F50723CBC91DAC90F /* MacSettingsView.swift */,
			);
			path = Settings;
			sourceTree = "<group>";
		};
		B3A893EE4305B5FA0F6E2733 /* App */ = {
			isa = PBXGroup;
			children = (
				80B0502275D5E267C0701E56 /* MedicalFactCheckerMacApp.swift */,
				59D3B6659F5FC046D2C99AA6 /* MacContentView.swift */,
			);
			path = App;
			sourceTree = "<group>";
		};
		D08E944CAA7A953AD7D594D9 /* History */ = {
			isa = PBXGroup;
			children = (
				F3414FA46C1181D7951C1166 /* MacHistoryView.swift */,
			);
			path = History;
			sourceTree = "<group>";
		};
		E234EBA156DBD1A91FB8F99D /* Help */ = {
			isa = PBXGroup;
			children = (
				7A2ED4E6BF01BA8A836174C9 /* MacHelpViews.swift */,
			);
			path = Help;
			sourceTree = "<group>";
		};
		E7210ACEEE6F00D966A72A7D /* macOS */ = {
			isa = PBXGroup;
			children = (
				B3A893EE4305B5FA0F6E2733 /* App */,
				2C814CC74E7312F1253921AE /* Views */,
				8031F196CF9CD1A5029B0F75 /* MacConstants.swift */,
				1B1A551C72E0132CF2D53022 /* MacUtilities.swift */,
			);
			path = macOS;
			sourceTree = "<group>";
		};
		EDB44391F5FDA4E28B4D7061 /* Components */ = {
			isa = PBXGroup;
			children = (
				57938901AE3B81A0E88815D1 /* MacDocumentSourceBadge.swift */,
				678CD1CA1A539B9B54AFB397 /* MacFullTextSourceBadge.swift */,
				64577ADB5E841221E87D162B /* MacErrorQueueView.swift */,
				7DE2D66575DF0967DF2CF9A6 /* MacSortingControlsView.swift */,
				AD189737C5701726FE9E52B7 /* MacProcessingProgressView.swift */,
				5007C50814C91F478C4A8E1E /* MacTransparencyRiskBadge.swift */,
				5988AA7B6ED8678390E3B363 /* MacTransparencyDetailView.swift */,
				E8E2876C1A2484B8EF749FFD /* MacTransparencySummarySection.swift */,
			);
			path = Components;
			sourceTree = "<group>";
		};
		F2F33D819CB5DD7DE8D816CE /* Report */ = {
			isa = PBXGroup;
			children = (
				D665F665F40DC4F821AED5FA /* MacReportView.swift */,
				B0CE2ABEECF6AF0F1729621A /* MacPrintableReportView.swift */,
			);
			path = Report;
			sourceTree = "<group>";
		};
		FA5A56EB48DD26B3B2CF6A74 /* FactCheck */ = {
			isa = PBXGroup;
			children = (
				6C78409E9FDDEA5D9EA1CC80 /* MacFactCheckView.swift */,
				02F4A54BEF425872F49B2BD9 /* MacFetchMoreView.swift */,
				1CD6BDD1310D6A5AB67A4E8B /* MacFullTextTab.swift */,
				230B1CE1E585F2D941C23B56 /* MacFullTextViewer.swift */,
				3280096E73BA9377D50E633D /* MacScoredDocumentsView.swift */,
				F111ED9AA6EE0B4437331914 /* MacSearchOptionsToolbar.swift */,
				BFFCDCD81F58EC2F0CF438E8 /* MacSearchProgressView.swift */,
			);
			path = FactCheck;
			sourceTree = "<group>";
		};
/* End PBXGroup section */

/* Begin PBXNativeTarget section */
		A1000000001 /* MedicalFactChecker */ = {
			isa = PBXNativeTarget;
			buildConfigurationList = A1000000006 /* Build configuration list for PBXNativeTarget "MedicalFactChecker" */;
			buildPhases = (
				A1000000002 /* Sources */,
				A1000000003 /* Frameworks */,
				A1000000004 /* Resources */,
			);
			buildRules = (
			);
			dependencies = (
			);
			name = MedicalFactChecker;
			packageProductDependencies = (
				6F36EF612F1C5A5200C0AAEA /* BioMedLit */,
			);
			productName = MedicalFactChecker;
			productReference = A1000000000 /* MedicalFactChecker.app */;
			productType = "com.apple.product-type.application";
		};
/* End PBXNativeTarget section */

/* Begin PBXProject section */
		A1000000011 /* Project object */ = {
			isa = PBXProject;
			attributes = {
				BuildIndependentTargetsInParallel = 1;
				LastSwiftUpdateCheck = 1500;
				LastUpgradeCheck = 2620;
				TargetAttributes = {
					A1000000001 = {
						CreatedOnToolsVersion = 15.0;
					};
				};
			};
			buildConfigurationList = A1000000005 /* Build configuration list for PBXProject "MedicalFactChecker" */;
			developmentRegion = en;
			hasScannedForEncodings = 0;
			knownRegions = (
				en,
				Base,
			);
			mainGroup = A1000000010;
			packageReferences = (
				6F36EF602F1C5A5200C0AAEA /* XCLocalSwiftPackageReference "../../Packages/BioMedLit" */,
			);
			preferredProjectObjectVersion = 77;
			productRefGroup = A1000000030 /* Products */;
			projectDirPath = "";
			projectRoot = "";
			targets = (
				A1000000001 /* MedicalFactChecker */,
			);
		};
/* End PBXProject section */

/* Begin PBXResourcesBuildPhase section */
		A1000000004 /* Resources */ = {
			isa = PBXResourcesBuildPhase;
			buildActionMask = 2147483647;
			files = (
				A1000020001 /* Assets.xcassets in Resources */,
				A1000021001 /* Preview Assets.xcassets in Resources */,
				A1000032001 /* HELP.md in Resources */,
				A1000033001 /* PRIVACY.md in Resources */,
			);
			runOnlyForDeploymentPostprocessing = 0;
		};
/* End PBXResourcesBuildPhase section */

/* Begin PBXSourcesBuildPhase section */
		A1000000002 /* Sources */ = {
			isa = PBXSourcesBuildPhase;
			buildActionMask = 2147483647;
			files = (
				A1000001001 /* MedicalFactCheckerApp.swift in Sources */,
				A1000002001 /* ContentView.swift in Sources */,
				A1000003001 /* AppSettings.swift in Sources */,
				A1000004001 /* Citation.swift in Sources */,
				A1000005001 /* Document.swift in Sources */,
				A1000006001 /* Enums.swift in Sources */,
				A1000075001 /* DocumentSorting.swift in Sources */,
				A1000007001 /* EvidenceReport.swift in Sources */,
				A1000008001 /* FactCheckSession.swift in Sources */,
				A1000009001 /* UsageRecord.swift in Sources */,
				A1000010001 /* FactCheckWorkflow.swift in Sources */,
				A1000011001 /* LLMService.swift in Sources */,
				A1000059001 /* ParallelScoringService.swift in Sources */,
				A1000066001 /* ParallelCitationService.swift in Sources */,
				A1000054001 /* BioMedLitAdapters.swift in Sources */,
				A1000071001 /* BudgetChecker.swift in Sources */,
				A1000072001 /* PromptTemplates.swift in Sources */,
				A1000073001 /* ReportFormatter.swift in Sources */,
				A1000013001 /* CostCalculator.swift in Sources */,
				A1000014001 /* KeychainHelper.swift in Sources */,
				A1000015001 /* ResponseParser.swift in Sources */,
				A1000016001 /* FactCheckView.swift in Sources */,
				A1000017001 /* HistoryView.swift in Sources */,
				A1000018001 /* ReportView.swift in Sources */,
				A1000019001 /* SettingsView.swift in Sources */,
				A1000022001 /* EmbeddingService.swift in Sources */,
				A1000023001 /* ScoredDocumentsView.swift in Sources */,
				A1000024001 /* LLMProvider.swift in Sources */,
				A1000025001 /* DisclaimerView.swift in Sources */,
				A1000026001 /* PrintableReportView.swift in Sources */,
				A1000027001 /* PDFExporter.swift in Sources */,
				A1000028001 /* ModelFetchService.swift in Sources */,
				A1000029001 /* NotificationNames.swift in Sources */,
				A1000030001 /* StringArrayTransformer.swift in Sources */,
				A1000031001 /* HelpView.swift in Sources */,
				A1000034001 /* OnboardingView.swift in Sources */,
				A1000035001 /* SearchProvider.swift in Sources */,
				A1000036001 /* FullTextSource.swift in Sources */,
				A1000057001 /* StructuredQuery.swift in Sources */,
				A1000058001 /* QueryConstants.swift in Sources */,
				A1000039001 /* SearchServiceProtocol.swift in Sources */,
				A1000040001 /* FullTextConstants.swift in Sources */,
				A1000041001 /* JATSXMLParser.swift in Sources */,
				A1000042001 /* PlatformHelper.swift in Sources */,
				A1000043001 /* QueryTranslator.swift in Sources */,
				A1000044001 /* QueryValidator.swift in Sources */,
				A1000045001 /* SearchResultMerger.swift in Sources */,
				A1000046001 /* DocumentSourceBadge.swift in Sources */,
				3DE1E64C0DB9282C99B7AF46 /* TransparencyRiskBadge.swift in Sources */,
				31E912D85338E1DA549131FB /* TransparencyDetailView.swift in Sources */,
				0B646CAD99C485B214CBEDB6 /* TransparencySummarySection.swift in Sources */,
				A1000047001 /* FetchMoreView.swift in Sources */,
				A1000048001 /* FullTextSourceBadge.swift in Sources */,
				A1000049001 /* SearchProgressView.swift in Sources */,
				A1000050001 /* SearchOptionsView.swift in Sources */,
				A1000051001 /* FullTextViewer.swift in Sources */,
				A1000074001 /* FullTextTab.swift in Sources */,
				A1000052001 /* CloudKitConfiguration.swift in Sources */,
				E95FAF1CAD3EA8FF31BDD1CB /* HistoryConstants.swift in Sources */,
				63B5FF64C127DE738D15D95A /* ProcessingCheckpoint.swift in Sources */,
				C66F3BFC5B474797CD4D732C /* CheckpointManager.swift in Sources */,
				AA20BA03F3578738656E720B /* ProgressReporting.swift in Sources */,
				AF795A30DE8C130B1F39446D /* CheckpointedScoringService.swift in Sources */,
				A1000060001 /* SortingControlsView.swift in Sources */,
				A1000061001 /* ErrorQueueView.swift in Sources */,
				A1000062001 /* ErrorEntry.swift in Sources */,
				A1000063001 /* ErrorPersistenceManager.swift in Sources */,
				A1000064001 /* ErrorTypes.swift in Sources */,
				A1000065001 /* WorkflowConstants.swift in Sources */,
				A1000067001 /* BackgroundTaskManager.swift in Sources */,
				A1000068001 /* BackgroundStatusBanner.swift in Sources */,
				A1000069001 /* SchemaVersions.swift in Sources */,
				A5DF3C2C750F93571F536572 /* MedicalFactCheckerMacApp.swift in Sources */,
				636C1F74FBDE47D6BEFAE889 /* MacContentView.swift in Sources */,
				375C4E85319161BF2D602D28 /* MacConstants.swift in Sources */,
				AC7F5F9D117D0C62AB84424D /* MacUtilities.swift in Sources */,
				37F9A838A7728EE5E957C8D8 /* MacFactCheckView.swift in Sources */,
				47C11C62C011ABF5BF86FD8B /* MacFetchMoreView.swift in Sources */,
				14AEDA2386AD7A0819975B16 /* MacFullTextTab.swift in Sources */,
				132DF7E698F249C7F1447F83 /* MacFullTextViewer.swift in Sources */,
				025762DFDDD01EF69FD3D9FC /* MacScoredDocumentsView.swift in Sources */,
				04F48E1AA099D0BEE1F62FDB /* MacSearchOptionsToolbar.swift in Sources */,
				E10A8206211F4F148F5488A4 /* MacSearchProgressView.swift in Sources */,
				7A01BF566140E032179E58B9 /* MacHistoryView.swift in Sources */,
				6D1E5885E9558E5B309ED347 /* MacReportView.swift in Sources */,
				2409EA6178DF710FAC88B2D7 /* MacPrintableReportView.swift in Sources */,
				E705D3D03AE7C13929162654 /* MacSettingsView.swift in Sources */,
				AF7C55453F1847A521E940C1 /* MacHelpViews.swift in Sources */,
				8A9AB921E8313735B980D52F /* MacOnboardingView.swift in Sources */,
				D1A27BC2679D5C85BD1B6DC5 /* MacDocumentSourceBadge.swift in Sources */,
				C44A67B1D246BAE4372826D2 /* MacFullTextSourceBadge.swift in Sources */,
				E3523390EFEB6A4021F73BF3 /* MacErrorQueueView.swift in Sources */,
				B5E70E87E77A9A178DC702EE /* MacSortingControlsView.swift in Sources */,
				73BFAB4A43C95C46B19DE635 /* MacProcessingProgressView.swift in Sources */,
				F521A57463CD53B66F6F08B5 /* MacTransparencyRiskBadge.swift in Sources */,
				88733B51F5BCDE5CBD7ACC8D /* MacTransparencyDetailView.swift in Sources */,
				80FDDCA282926105A1D3178B /* MacTransparencySummarySection.swift in Sources */,
			);
			runOnlyForDeploymentPostprocessing = 0;
		};
/* End PBXSourcesBuildPhase section */

/* Begin XCBuildConfiguration section */
		A1000000007 /* Debug */ = {
			isa = XCBuildConfiguration;
			buildSettings = {
				ALWAYS_SEARCH_USER_PATHS = NO;
				ASSETCATALOG_COMPILER_GENERATE_SWIFT_ASSET_SYMBOL_EXTENSIONS = YES;
				CLANG_ANALYZER_NONNULL = YES;
				CLANG_ANALYZER_NUMBER_OBJECT_CONVERSION = YES_AGGRESSIVE;
				CLANG_CXX_LANGUAGE_STANDARD = "gnu++20";
				CLANG_ENABLE_MODULES = YES;
				CLANG_ENABLE_OBJC_ARC = YES;
				CLANG_ENABLE_OBJC_WEAK = YES;
				CLANG_WARN_BLOCK_CAPTURE_AUTORELEASING = YES;
				CLANG_WARN_BOOL_CONVERSION = YES;
				CLANG_WARN_COMMA = YES;
				CLANG_WARN_CONSTANT_CONVERSION = YES;
				CLANG_WARN_DEPRECATED_OBJC_IMPLEMENTATIONS = YES;
				CLANG_WARN_DIRECT_OBJC_ISA_USAGE = YES_ERROR;
				CLANG_WARN_DOCUMENTATION_COMMENTS = YES;
				CLANG_WARN_EMPTY_BODY = YES;
				CLANG_WARN_ENUM_CONVERSION = YES;
				CLANG_WARN_INFINITE_RECURSION = YES;
				CLANG_WARN_INT_CONVERSION = YES;
				CLANG_WARN_NON_LITERAL_NULL_CONVERSION = YES;
				CLANG_WARN_OBJC_IMPLICIT_RETAIN_SELF = YES;
				CLANG_WARN_OBJC_LITERAL_CONVERSION = YES;
				CLANG_WARN_OBJC_ROOT_CLASS = YES_ERROR;
				CLANG_WARN_QUOTED_INCLUDE_IN_FRAMEWORK_HEADER = YES;
				CLANG_WARN_RANGE_LOOP_ANALYSIS = YES;
				CLANG_WARN_STRICT_PROTOTYPES = YES;
				CLANG_WARN_SUSPICIOUS_MOVE = YES;
				CLANG_WARN_UNGUARDED_AVAILABILITY = YES_AGGRESSIVE;
				CLANG_WARN_UNREACHABLE_CODE = YES;
				CLANG_WARN__DUPLICATE_METHOD_MATCH = YES;
				COPY_PHASE_STRIP = NO;
				DEBUG_INFORMATION_FORMAT = dwarf;
				DEVELOPMENT_TEAM = X5DWXB4283;
				ENABLE_STRICT_OBJC_MSGSEND = YES;
				ENABLE_TESTABILITY = YES;
				ENABLE_USER_SCRIPT_SANDBOXING = YES;
				GCC_C_LANGUAGE_STANDARD = gnu17;
				GCC_DYNAMIC_NO_PIC = NO;
				GCC_NO_COMMON_BLOCKS = YES;
				GCC_OPTIMIZATION_LEVEL = 0;
				GCC_PREPROCESSOR_DEFINITIONS = (
					"DEBUG=1",
					"$(inherited)",
				);
				GCC_WARN_64_TO_32_BIT_CONVERSION = YES;
				GCC_WARN_ABOUT_RETURN_TYPE = YES_ERROR;
				GCC_WARN_UNDECLARED_SELECTOR = YES;
				GCC_WARN_UNINITIALIZED_AUTOS = YES_AGGRESSIVE;
				GCC_WARN_UNUSED_FUNCTION = YES;
				GCC_WARN_UNUSED_VARIABLE = YES;
				IPHONEOS_DEPLOYMENT_TARGET = 17.0;
				LOCALIZATION_PREFERS_STRING_CATALOGS = YES;
				MACOSX_DEPLOYMENT_TARGET = 14.0;
				MTL_ENABLE_DEBUG_INFO = INCLUDE_SOURCE;
				MTL_FAST_MATH = YES;
				ONLY_ACTIVE_ARCH = YES;
				SDKROOT = auto;
				STRING_CATALOG_GENERATE_SYMBOLS = YES;
				SUPPORTED_PLATFORMS = "iphoneos iphonesimulator macosx";
				SUPPORTS_MACCATALYST = NO;
				SWIFT_ACTIVE_COMPILATION_CONDITIONS = "DEBUG $(inherited)";
				SWIFT_OPTIMIZATION_LEVEL = "-Onone";
				SWIFT_VERSION = 5.0;
			};
			name = Debug;
		};
		A1000000008 /* Release */ = {
			isa = XCBuildConfiguration;
			buildSettings = {
				ALWAYS_SEARCH_USER_PATHS = NO;
				ASSETCATALOG_COMPILER_GENERATE_SWIFT_ASSET_SYMBOL_EXTENSIONS = YES;
				CLANG_ANALYZER_NONNULL = YES;
				CLANG_ANALYZER_NUMBER_OBJECT_CONVERSION = YES_AGGRESSIVE;
				CLANG_CXX_LANGUAGE_STANDARD = "gnu++20";
				CLANG_ENABLE_MODULES = YES;
				CLANG_ENABLE_OBJC_ARC = YES;
				CLANG_ENABLE_OBJC_WEAK = YES;
				CLANG_WARN_BLOCK_CAPTURE_AUTORELEASING = YES;
				CLANG_WARN_BOOL_CONVERSION = YES;
				CLANG_WARN_COMMA = YES;
				CLANG_WARN_CONSTANT_CONVERSION = YES;
				CLANG_WARN_DEPRECATED_OBJC_IMPLEMENTATIONS = YES;
				CLANG_WARN_DIRECT_OBJC_ISA_USAGE = YES_ERROR;
				CLANG_WARN_DOCUMENTATION_COMMENTS = YES;
				CLANG_WARN_EMPTY_BODY = YES;
				CLANG_WARN_ENUM_CONVERSION = YES;
				CLANG_WARN_INFINITE_RECURSION = YES;
				CLANG_WARN_INT_CONVERSION = YES;
				CLANG_WARN_NON_LITERAL_NULL_CONVERSION = YES;
				CLANG_WARN_OBJC_IMPLICIT_RETAIN_SELF = YES;
				CLANG_WARN_OBJC_LITERAL_CONVERSION = YES;
				CLANG_WARN_OBJC_ROOT_CLASS = YES_ERROR;
				CLANG_WARN_QUOTED_INCLUDE_IN_FRAMEWORK_HEADER = YES;
				CLANG_WARN_RANGE_LOOP_ANALYSIS = YES;
				CLANG_WARN_STRICT_PROTOTYPES = YES;
				CLANG_WARN_SUSPICIOUS_MOVE = YES;
				CLANG_WARN_UNGUARDED_AVAILABILITY = YES_AGGRESSIVE;
				CLANG_WARN_UNREACHABLE_CODE = YES;
				CLANG_WARN__DUPLICATE_METHOD_MATCH = YES;
				COPY_PHASE_STRIP = NO;
				DEBUG_INFORMATION_FORMAT = "dwarf-with-dsym";
				DEVELOPMENT_TEAM = X5DWXB4283;
				ENABLE_NS_ASSERTIONS = NO;
				ENABLE_STRICT_OBJC_MSGSEND = YES;
				ENABLE_USER_SCRIPT_SANDBOXING = YES;
				GCC_C_LANGUAGE_STANDARD = gnu17;
				GCC_NO_COMMON_BLOCKS = YES;
				GCC_WARN_64_TO_32_BIT_CONVERSION = YES;
				GCC_WARN_ABOUT_RETURN_TYPE = YES_ERROR;
				GCC_WARN_UNDECLARED_SELECTOR = YES;
				GCC_WARN_UNINITIALIZED_AUTOS = YES_AGGRESSIVE;
				GCC_WARN_UNUSED_FUNCTION = YES;
				GCC_WARN_UNUSED_VARIABLE = YES;
				IPHONEOS_DEPLOYMENT_TARGET = 17.0;
				LOCALIZATION_PREFERS_STRING_CATALOGS = YES;
				MACOSX_DEPLOYMENT_TARGET = 14.0;
				MTL_ENABLE_DEBUG_INFO = NO;
				MTL_FAST_MATH = YES;
				SDKROOT = auto;
				STRING_CATALOG_GENERATE_SYMBOLS = YES;
				SUPPORTED_PLATFORMS = "iphoneos iphonesimulator macosx";
				SUPPORTS_MACCATALYST = NO;
				SWIFT_COMPILATION_MODE = wholemodule;
				SWIFT_VERSION = 5.0;
				VALIDATE_PRODUCT = YES;
			};
			name = Release;
		};
		A1000000009 /* Debug */ = {
			isa = XCBuildConfiguration;
			buildSettings = {
				ASSETCATALOG_COMPILER_APPICON_NAME = AppIcon;
				ASSETCATALOG_COMPILER_GLOBAL_ACCENT_COLOR_NAME = AccentColor;
				"CODE_SIGN_ENTITLEMENTS[sdk=iphoneos*]" = Sources/MedicalFactChecker.entitlements;
				"CODE_SIGN_ENTITLEMENTS[sdk=iphonesimulator*]" = Sources/MedicalFactChecker.entitlements;
				"CODE_SIGN_ENTITLEMENTS[sdk=macosx*]" = Sources/MedicalFactCheckerMac.entitlements;
				CODE_SIGN_STYLE = Automatic;
				CURRENT_PROJECT_VERSION = 1;
				DEVELOPMENT_ASSET_PATHS = "\"Sources/Preview Content\"";
				DEVELOPMENT_TEAM = X5DWXB4283;
				ENABLE_HARDENED_RUNTIME = YES;
				ENABLE_PREVIEWS = YES;
				GENERATE_INFOPLIST_FILE = YES;
				INFOPLIST_FILE = Sources/Info.plist;
				INFOPLIST_KEY_CFBundleDisplayName = "Medical Fact Checker";
				INFOPLIST_KEY_LSApplicationCategoryType = "public.app-category.medical";
				INFOPLIST_KEY_UIApplicationSceneManifest_Generation = YES;
				INFOPLIST_KEY_UIApplicationSupportsIndirectInputEvents = YES;
				INFOPLIST_KEY_UILaunchScreen_Generation = YES;
				INFOPLIST_KEY_UISupportedInterfaceOrientations_iPad = "UIInterfaceOrientationPortrait UIInterfaceOrientationPortraitUpsideDown UIInterfaceOrientationLandscapeLeft UIInterfaceOrientationLandscapeRight";
				INFOPLIST_KEY_UISupportedInterfaceOrientations_iPhone = "UIInterfaceOrientationPortrait UIInterfaceOrientationLandscapeLeft UIInterfaceOrientationLandscapeRight";
				"LD_RUNPATH_SEARCH_PATHS[sdk=iphoneos*]" = (
					"$(inherited)",
					"@executable_path/Frameworks",
				);
				"LD_RUNPATH_SEARCH_PATHS[sdk=iphonesimulator*]" = (
					"$(inherited)",
					"@executable_path/Frameworks",
				);
				"LD_RUNPATH_SEARCH_PATHS[sdk=macosx*]" = (
					"$(inherited)",
					"@executable_path/../Frameworks",
				);
				MARKETING_VERSION = 1.5.1;
				PRODUCT_BUNDLE_IDENTIFIER = com.bmlibrarian.MedicalFactChecker;
				PRODUCT_NAME = "$(TARGET_NAME)";
				SWIFT_EMIT_LOC_STRINGS = YES;
				SWIFT_VERSION = 5.0;
				"TARGETED_DEVICE_FAMILY[sdk=iphoneos*]" = "1,2";
				"TARGETED_DEVICE_FAMILY[sdk=iphonesimulator*]" = "1,2";
			};
			name = Debug;
		};
		A100000000A /* Release */ = {
			isa = XCBuildConfiguration;
			buildSettings = {
				ASSETCATALOG_COMPILER_APPICON_NAME = AppIcon;
				ASSETCATALOG_COMPILER_GLOBAL_ACCENT_COLOR_NAME = AccentColor;
				"CODE_SIGN_ENTITLEMENTS[sdk=iphoneos*]" = Sources/MedicalFactChecker.entitlements;
				"CODE_SIGN_ENTITLEMENTS[sdk=iphonesimulator*]" = Sources/MedicalFactChecker.entitlements;
				"CODE_SIGN_ENTITLEMENTS[sdk=macosx*]" = Sources/MedicalFactCheckerMac.entitlements;
				CODE_SIGN_STYLE = Automatic;
				CURRENT_PROJECT_VERSION = 1;
				DEVELOPMENT_ASSET_PATHS = "\"Sources/Preview Content\"";
				DEVELOPMENT_TEAM = X5DWXB4283;
				ENABLE_HARDENED_RUNTIME = YES;
				ENABLE_PREVIEWS = YES;
				GENERATE_INFOPLIST_FILE = YES;
				INFOPLIST_FILE = Sources/Info.plist;
				INFOPLIST_KEY_CFBundleDisplayName = "Medical Fact Checker";
				INFOPLIST_KEY_LSApplicationCategoryType = "public.app-category.medical";
				INFOPLIST_KEY_UIApplicationSceneManifest_Generation = YES;
				INFOPLIST_KEY_UIApplicationSupportsIndirectInputEvents = YES;
				INFOPLIST_KEY_UILaunchScreen_Generation = YES;
				INFOPLIST_KEY_UISupportedInterfaceOrientations_iPad = "UIInterfaceOrientationPortrait UIInterfaceOrientationPortraitUpsideDown UIInterfaceOrientationLandscapeLeft UIInterfaceOrientationLandscapeRight";
				INFOPLIST_KEY_UISupportedInterfaceOrientations_iPhone = "UIInterfaceOrientationPortrait UIInterfaceOrientationLandscapeLeft UIInterfaceOrientationLandscapeRight";
				"LD_RUNPATH_SEARCH_PATHS[sdk=iphoneos*]" = (
					"$(inherited)",
					"@executable_path/Frameworks",
				);
				"LD_RUNPATH_SEARCH_PATHS[sdk=iphonesimulator*]" = (
					"$(inherited)",
					"@executable_path/Frameworks",
				);
				"LD_RUNPATH_SEARCH_PATHS[sdk=macosx*]" = (
					"$(inherited)",
					"@executable_path/../Frameworks",
				);
				MARKETING_VERSION = 1.5.1;
				PRODUCT_BUNDLE_IDENTIFIER = com.bmlibrarian.MedicalFactChecker;
				PRODUCT_NAME = "$(TARGET_NAME)";
				SWIFT_EMIT_LOC_STRINGS = YES;
				SWIFT_VERSION = 5.0;
				"TARGETED_DEVICE_FAMILY[sdk=iphoneos*]" = "1,2";
				"TARGETED_DEVICE_FAMILY[sdk=iphonesimulator*]" = "1,2";
			};
			name = Release;
		};
/* End XCBuildConfiguration section */

/* Begin XCConfigurationList section */
		A1000000005 /* Build configuration list for PBXProject "MedicalFactChecker" */ = {
			isa = XCConfigurationList;
			buildConfigurations = (
				A1000000007 /* Debug */,
				A1000000008 /* Release */,
			);
			defaultConfigurationIsVisible = 0;
			defaultConfigurationName = Release;
		};
		A1000000006 /* Build configuration list for PBXNativeTarget "MedicalFactChecker" */ = {
			isa = XCConfigurationList;
			buildConfigurations = (
				A1000000009 /* Debug */,
				A100000000A /* Release */,
			);
			defaultConfigurationIsVisible = 0;
			defaultConfigurationName = Release;
		};
/* End XCConfigurationList section */

/* Begin XCLocalSwiftPackageReference section */
		6F36EF602F1C5A5200C0AAEA /* XCLocalSwiftPackageReference "../../Packages/BioMedLit" */ = {
			isa = XCLocalSwiftPackageReference;
			relativePath = ../../Packages/BioMedLit;
		};
/* End XCLocalSwiftPackageReference section */

/* Begin XCSwiftPackageProductDependency section */
		6F36EF612F1C5A5200C0AAEA /* BioMedLit */ = {
			isa = XCSwiftPackageProductDependency;
			productName = BioMedLit;
		};
/* End XCSwiftPackageProductDependency section */
	};
	rootObject = A1000000011 /* Project object */;
}
